// !$*UTF8*$!
{
	archiveVersion = 1;
	classes = {
	};
	objectVersion = 50;
	objects = {

/* Begin PBXBuildFile section */
		3552942E2808DEA40017C635 /* WinLoseView.swift in Sources */ = {isa = PBXBuildFile; fileRef = 3552942D2808DEA40017C635 /* WinLoseView.swift */; };
		3595D0722802145300923419 /* StartView.swift in Sources */ = {isa = PBXBuildFile; fileRef = 3595D0712802145300923419 /* StartView.swift */; };
		3595D07528034C1E00923419 /* Letter.swift in Sources */ = {isa = PBXBuildFile; fileRef = 3595D07428034C1D00923419 /* Letter.swift */; };
		3595D0782804B1F300923419 /* Wordle.swift in Sources */ = {isa = PBXBuildFile; fileRef = 3595D0772804B1F300923419 /* Wordle.swift */; };
		3595D07B2804B7C500923419 /* Record.swift in Sources */ = {isa = PBXBuildFile; fileRef = 3595D07A2804B7C500923419 /* Record.swift */; };
		3595D07E2805A27F00923419 /* KeyboardView.swift in Sources */ = {isa = PBXBuildFile; fileRef = 3595D07D2805A27F00923419 /* KeyboardView.swift */; };
		3595D0812805A3B800923419 /* FlipCard.swift in Sources */ = {isa = PBXBuildFile; fileRef = 3595D0802805A3B800923419 /* FlipCard.swift */; };
		35EAC76327F640FF00E51E39 /* WoodleeeApp.swift in Sources */ = {isa = PBXBuildFile; fileRef = 35EAC76227F640FF00E51E39 /* WoodleeeApp.swift */; };
		35EAC76527F640FF00E51E39 /* ContentView.swift in Sources */ = {isa = PBXBuildFile; fileRef = 35EAC76427F640FF00E51E39 /* ContentView.swift */; };
		35EAC76727F6410900E51E39 /* Assets.xcassets in Resources */ = {isa = PBXBuildFile; fileRef = 35EAC76627F6410900E51E39 /* Assets.xcassets */; };
		35EAC76A27F6410900E51E39 /* Preview Assets.xcassets in Resources */ = {isa = PBXBuildFile; fileRef = 35EAC76927F6410900E51E39 /* Preview Assets.xcassets */; };
		35EAC77327F6415F00E51E39 /* GuideView.swift in Sources */ = {isa = PBXBuildFile; fileRef = 35EAC77227F6415F00E51E39 /* GuideView.swift */; };
		35EAC77A27FEE3EF00E51E39 /* Planks.ttf in Resources */ = {isa = PBXBuildFile; fileRef = 35EAC77927FEE3EF00E51E39 /* Planks.ttf */; };
		35EAC77E27FF35C800E51E39 /* Valentine Fantasy.ttf in Resources */ = {isa = PBXBuildFile; fileRef = 35EAC77D27FF35C800E51E39 /* Valentine Fantasy.ttf */; };
		35EAC78227FF923B00E51E39 /* LetterKey.swift in Sources */ = {isa = PBXBuildFile; fileRef = 35EAC78127FF923B00E51E39 /* LetterKey.swift */; };
/* End PBXBuildFile section */

/* Begin PBXFileReference section */
		3552942D2808DEA40017C635 /* WinLoseView.swift */ = {isa = PBXFileReference; lastKnownFileType = sourcecode.swift; path = WinLoseView.swift; sourceTree = "<group>"; };
		3595D0712802145300923419 /* StartView.swift */ = {isa = PBXFileReference; lastKnownFileType = sourcecode.swift; path = StartView.swift; sourceTree = "<group>"; };
		3595D07428034C1D00923419 /* Letter.swift */ = {isa = PBXFileReference; lastKnownFileType = sourcecode.swift; path = Letter.swift; sourceTree = "<group>"; };
		3595D0772804B1F300923419 /* Wordle.swift */ = {isa = PBXFileReference; lastKnownFileType = sourcecode.swift; path = Wordle.swift; sourceTree = "<group>"; };
		3595D07A2804B7C500923419 /* Record.swift */ = {isa = PBXFileReference; lastKnownFileType = sourcecode.swift; path = Record.swift; sourceTree = "<group>"; };
		3595D07D2805A27F00923419 /* KeyboardView.swift */ = {isa = PBXFileReference; lastKnownFileType = sourcecode.swift; path = KeyboardView.swift; sourceTree = "<group>"; };
		3595D0802805A3B800923419 /* FlipCard.swift */ = {isa = PBXFileReference; lastKnownFileType = sourcecode.swift; path = FlipCard.swift; sourceTree = "<group>"; };
		35EAC75F27F640FF00E51E39 /* Woodleee.app */ = {isa = PBXFileReference; explicitFileType = wrapper.application; includeInIndex = 0; path = Woodleee.app; sourceTree = BUILT_PRODUCTS_DIR; };
		35EAC76227F640FF00E51E39 /* WoodleeeApp.swift */ = {isa = PBXFileReference; lastKnownFileType = sourcecode.swift; path = WoodleeeApp.swift; sourceTree = "<group>"; };
		35EAC76427F640FF00E51E39 /* ContentView.swift */ = {isa = PBXFileReference; lastKnownFileType = sourcecode.swift; path = ContentView.swift; sourceTree = "<group>"; };
		35EAC76627F6410900E51E39 /* Assets.xcassets */ = {isa = PBXFileReference; lastKnownFileType = folder.assetcatalog; path = Assets.xcassets; sourceTree = "<group>"; };
		35EAC76927F6410900E51E39 /* Preview Assets.xcassets */ = {isa = PBXFileReference; lastKnownFileType = folder.assetcatalog; path = "Preview Assets.xcassets"; sourceTree = "<group>"; };
		35EAC76B27F6410900E51E39 /* Info.plist */ = {isa = PBXFileReference; lastKnownFileType = text.plist.xml; path = Info.plist; sourceTree = "<group>"; };
		35EAC77227F6415F00E51E39 /* GuideView.swift */ = {isa = PBXFileReference; lastKnownFileType = sourcecode.swift; path = GuideView.swift; sourceTree = "<group>"; };
		35EAC77927FEE3EF00E51E39 /* Planks.ttf */ = {isa = PBXFileReference; lastKnownFileType = file; path = Planks.ttf; sourceTree = "<group>"; };
		35EAC77D27FF35C800E51E39 /* Valentine Fantasy.ttf */ = {isa = PBXFileReference; lastKnownFileType = file; path = "Valentine Fantasy.ttf"; sourceTree = "<group>"; };
		35EAC78127FF923B00E51E39 /* LetterKey.swift */ = {isa = PBXFileReference; lastKnownFileType = sourcecode.swift; path = LetterKey.swift; sourceTree = "<group>"; };
/* End PBXFileReference section */

/* Begin PBXFrameworksBuildPhase section */
		35EAC75C27F640FF00E51E39 /* Frameworks */ = {
			isa = PBXFrameworksBuildPhase;
			buildActionMask = 2147483647;
			files = (
			);
			runOnlyForDeploymentPostprocessing = 0;
		};
/* End PBXFrameworksBuildPhase section */

/* Begin PBXGroup section */
		35EAC75627F640FF00E51E39 = {
			isa = PBXGroup;
			children = (
				35EAC76127F640FF00E51E39 /* Woodleee */,
				35EAC76027F640FF00E51E39 /* Products */,
			);
			sourceTree = "<group>";
		};
		35EAC76027F640FF00E51E39 /* Products */ = {
			isa = PBXGroup;
			children = (
				35EAC75F27F640FF00E51E39 /* Woodleee.app */,
			);
			name = Products;
			sourceTree = "<group>";
		};
		35EAC76127F640FF00E51E39 /* Woodleee */ = {
			isa = PBXGroup;
			children = (
				35EAC76227F640FF00E51E39 /* WoodleeeApp.swift */,
				35EAC76427F640FF00E51E39 /* ContentView.swift */,
				35EAC76627F6410900E51E39 /* Assets.xcassets */,
				35EAC76B27F6410900E51E39 /* Info.plist */,
				35EAC76827F6410900E51E39 /* Preview Content */,
				35EAC77227F6415F00E51E39 /* GuideView.swift */,
				35EAC77927FEE3EF00E51E39 /* Planks.ttf */,
				35EAC77D27FF35C800E51E39 /* Valentine Fantasy.ttf */,
				35EAC78127FF923B00E51E39 /* LetterKey.swift */,
				3595D0712802145300923419 /* StartView.swift */,
				3595D07428034C1D00923419 /* Letter.swift */,
				3595D0772804B1F300923419 /* Wordle.swift */,
				3595D07A2804B7C500923419 /* Record.swift */,
				3595D07D2805A27F00923419 /* KeyboardView.swift */,
				3595D0802805A3B800923419 /* FlipCard.swift */,
				3552942D2808DEA40017C635 /* WinLoseView.swift */,
			);
			path = Woodleee;
			sourceTree = "<group>";
		};
		35EAC76827F6410900E51E39 /* Preview Content */ = {
			isa = PBXGroup;
			children = (
				35EAC76927F6410900E51E39 /* Preview Assets.xcassets */,
			);
			path = "Preview Content";
			sourceTree = "<group>";
		};
/* End PBXGroup section */

/* Begin PBXNativeTarget section */
		35EAC75E27F640FF00E51E39 /* Woodleee */ = {
			isa = PBXNativeTarget;
			buildConfigurationList = 35EAC76E27F6410900E51E39 /* Build configuration list for PBXNativeTarget "Woodleee" */;
			buildPhases = (
				35EAC75B27F640FF00E51E39 /* Sources */,
				35EAC75C27F640FF00E51E39 /* Frameworks */,
				35EAC75D27F640FF00E51E39 /* Resources */,
			);
			buildRules = (
			);
			dependencies = (
			);
			name = Woodleee;
			productName = Woodleee;
			productReference = 35EAC75F27F640FF00E51E39 /* Woodleee.app */;
			productType = "com.apple.product-type.application";
		};
/* End PBXNativeTarget section */

/* Begin PBXProject section */
		35EAC75727F640FF00E51E39 /* Project object */ = {
			isa = PBXProject;
			attributes = {
				LastSwiftUpdateCheck = 1200;
				LastUpgradeCheck = 1200;
				TargetAttributes = {
					35EAC75E27F640FF00E51E39 = {
						CreatedOnToolsVersion = 12.0;
					};
				};
			};
			buildConfigurationList = 35EAC75A27F640FF00E51E39 /* Build configuration list for PBXProject "Woodleee" */;
			compatibilityVersion = "Xcode 9.3";
			developmentRegion = en;
			hasScannedForEncodings = 0;
			knownRegions = (
				en,
				Base,
			);
			mainGroup = 35EAC75627F640FF00E51E39;
			productRefGroup = 35EAC76027F640FF00E51E39 /* Products */;
			projectDirPath = "";
			projectRoot = "";
			targets = (
				35EAC75E27F640FF00E51E39 /* Woodleee */,
			);
		};
/* End PBXProject section */

/* Begin PBXResourcesBuildPhase section */
		35EAC75D27F640FF00E51E39 /* Resources */ = {
			isa = PBXResourcesBuildPhase;
			buildActionMask = 2147483647;
			files = (
				35EAC76A27F6410900E51E39 /* Preview Assets.xcassets in Resources */,
				35EAC77E27FF35C800E51E39 /* Valentine Fantasy.ttf in Resources */,
				35EAC77A27FEE3EF00E51E39 /* Planks.ttf in Resources */,
				35EAC76727F6410900E51E39 /* Assets.xcassets in Resources */,
			);
			runOnlyForDeploymentPostprocessing = 0;
		};
/* End PBXResourcesBuildPhase section */

/* Begin PBXSourcesBuildPhase section */
		35EAC75B27F640FF00E51E39 /* Sources */ = {
			isa = PBXSourcesBuildPhase;
			buildActionMask = 2147483647;
			files = (
				3595D0782804B1F300923419 /* Wordle.swift in Sources */,
				35EAC77327F6415F00E51E39 /* GuideView.swift in Sources */,
				3595D0722802145300923419 /* StartView.swift in Sources */,
				3595D07E2805A27F00923419 /* KeyboardView.swift in Sources */,
				3552942E2808DEA40017C635 /* WinLoseView.swift in Sources */,
				35EAC76527F640FF00E51E39 /* ContentView.swift in Sources */,
				3595D07528034C1E00923419 /* Letter.swift in Sources */,
				3595D0812805A3B800923419 /* FlipCard.swift in Sources */,
				35EAC76327F640FF00E51E39 /* WoodleeeApp.swift in Sources */,
				3595D07B2804B7C500923419 /* Record.swift in Sources */,
				35EAC78227FF923B00E51E39 /* LetterKey.swift in Sources */,
			);
			runOnlyForDeploymentPostprocessing = 0;
		};
/* End PBXSourcesBuildPhase section */

/* Begin XCBuildConfiguration section */
		35EAC76C27F6410900E51E39 /* Debug */ = {
			isa = XCBuildConfiguration;
			buildSettings = {
				ALWAYS_SEARCH_USER_PATHS = NO;
				CLANG_ANALYZER_NONNULL = YES;
				CLANG_ANALYZER_NUMBER_OBJECT_CONVERSION = YES_AGGRESSIVE;
				CLANG_CXX_LANGUAGE_STANDARD = "gnu++14";
				CLANG_CXX_LIBRARY = "libc++";
				CLANG_ENABLE_MODULES = YES;
				CLANG_ENABLE_OBJC_ARC = YES;
				CLANG_ENABLE_OBJC_WEAK = YES;
				CLANG_WARN_BLOCK_CAPTURE_AUTORELEASING = YES;
				CLANG_WARN_BOOL_CONVERSION = YES;
				CLANG_WARN_COMMA = YES;
				CLANG_WARN_CONSTANT_CONVERSION = YES;
				CLANG_WARN_DEPRECATED_OBJC_IMPLEMENTATIONS = YES;
				CLANG_WARN_DIRECT_OBJC_ISA_USAGE = YES_ERROR;
				CLANG_WARN_DOCUMENTATION_COMMENTS = YES;
				CLANG_WARN_EMPTY_BODY = YES;
				CLANG_WARN_ENUM_CONVERSION = YES;
				CLANG_WARN_INFINITE_RECURSION = YES;
				CLANG_WARN_INT_CONVERSION = YES;
				CLANG_WARN_NON_LITERAL_NULL_CONVERSION = YES;
				CLANG_WARN_OBJC_IMPLICIT_RETAIN_SELF = YES;
				CLANG_WARN_OBJC_LITERAL_CONVERSION = YES;
				CLANG_WARN_OBJC_ROOT_CLASS = YES_ERROR;
				CLANG_WARN_QUOTED_INCLUDE_IN_FRAMEWORK_HEADER = YES;
				CLANG_WARN_RANGE_LOOP_ANALYSIS = YES;
				CLANG_WARN_STRICT_PROTOTYPES = YES;
				CLANG_WARN_SUSPICIOUS_MOVE = YES;
				CLANG_WARN_UNGUARDED_AVAILABILITY = YES_AGGRESSIVE;
				CLANG_WARN_UNREACHABLE_CODE = YES;
				CLANG_WARN__DUPLICATE_METHOD_MATCH = YES;
				COPY_PHASE_STRIP = NO;
				DEBUG_INFORMATION_FORMAT = dwarf;
				ENABLE_STRICT_OBJC_MSGSEND = YES;
				ENABLE_TESTABILITY = YES;
				GCC_C_LANGUAGE_STANDARD = gnu11;
				GCC_DYNAMIC_NO_PIC = NO;
				GCC_NO_COMMON_BLOCKS = YES;
				GCC_OPTIMIZATION_LEVEL = 0;
				GCC_PREPROCESSOR_DEFINITIONS = (
					"DEBUG=1",
					"$(inherited)",
				);
				GCC_WARN_64_TO_32_BIT_CONVERSION = YES;
				GCC_WARN_ABOUT_RETURN_TYPE = YES_ERROR;
				GCC_WARN_UNDECLARED_SELECTOR = YES;
				GCC_WARN_UNINITIALIZED_AUTOS = YES_AGGRESSIVE;
				GCC_WARN_UNUSED_FUNCTION = YES;
				GCC_WARN_UNUSED_VARIABLE = YES;
				IPHONEOS_DEPLOYMENT_TARGET = 14.0;
				MTL_ENABLE_DEBUG_INFO = INCLUDE_SOURCE;
				MTL_FAST_MATH = YES;
				ONLY_ACTIVE_ARCH = YES;
				SDKROOT = iphoneos;
				SWIFT_ACTIVE_COMPILATION_CONDITIONS = DEBUG;
				SWIFT_OPTIMIZATION_LEVEL = "-Onone";
			};
			name = Debug;
		};
		35EAC76D27F6410900E51E39 /* Release */ = {
			isa = XCBuildConfiguration;
			buildSettings = {
				ALWAYS_SEARCH_USER_PATHS = NO;
				CLANG_ANALYZER_NONNULL = YES;
				CLANG_ANALYZER_NUMBER_OBJECT_CONVERSION = YES_AGGRESSIVE;
				CLANG_CXX_LANGUAGE_STANDARD = "gnu++14";
				CLANG_CXX_LIBRARY = "libc++";
				CLANG_ENABLE_MODULES = YES;
				CLANG_ENABLE_OBJC_ARC = YES;
				CLANG_ENABLE_OBJC_WEAK = YES;
				CLANG_WARN_BLOCK_CAPTURE_AUTORELEASING = YES;
				CLANG_WARN_BOOL_CONVERSION = YES;
				CLANG_WARN_COMMA = YES;
				CLANG_WARN_CONSTANT_CONVERSION = YES;
				CLANG_WARN_DEPRECATED_OBJC_IMPLEMENTATIONS = YES;
				CLANG_WARN_DIRECT_OBJC_ISA_USAGE = YES_ERROR;
				CLANG_WARN_DOCUMENTATION_COMMENTS = YES;
				CLANG_WARN_EMPTY_BODY = YES;
				CLANG_WARN_ENUM_CONVERSION = YES;
				CLANG_WARN_INFINITE_RECURSION = YES;
				CLANG_WARN_INT_CONVERSION = YES;
				CLANG_WARN_NON_LITERAL_NULL_CONVERSION = YES;
				CLANG_WARN_OBJC_IMPLICIT_RETAIN_SELF = YES;
				CLANG_WARN_OBJC_LITERAL_CONVERSION = YES;
				CLANG_WARN_OBJC_ROOT_CLASS = YES_ERROR;
				CLANG_WARN_QUOTED_INCLUDE_IN_FRAMEWORK_HEADER = YES;
				CLANG_WARN_RANGE_LOOP_ANALYSIS = YES;
				CLANG_WARN_STRICT_PROTOTYPES = YES;
				CLANG_WARN_SUSPICIOUS_MOVE = YES;
				CLANG_WARN_UNGUARDED_AVAILABILITY = YES_AGGRESSIVE;
				CLANG_WARN_UNREACHABLE_CODE = YES;
				CLANG_WARN__DUPLICATE_METHOD_MATCH = YES;
				COPY_PHASE_STRIP = NO;
				DEBUG_INFORMATION_FORMAT = "dwarf-with-dsym";
				ENABLE_NS_ASSERTIONS = NO;
				ENABLE_STRICT_OBJC_MSGSEND = YES;
				GCC_C_LANGUAGE_STANDARD = gnu11;
				GCC_NO_COMMON_BLOCKS = YES;
				GCC_WARN_64_TO_32_BIT_CONVERSION = YES;
				GCC_WARN_ABOUT_RETURN_TYPE = YES_ERROR;
				GCC_WARN_UNDECLARED_SELECTOR = YES;
				GCC_WARN_UNINITIALIZED_AUTOS = YES_AGGRESSIVE;
				GCC_WARN_UNUSED_FUNCTION = YES;
				GCC_WARN_UNUSED_VARIABLE = YES;
				IPHONEOS_DEPLOYMENT_TARGET = 14.0;
				MTL_ENABLE_DEBUG_INFO = NO;
				MTL_FAST_MATH = YES;
				SDKROOT = iphoneos;
				SWIFT_COMPILATION_MODE = wholemodule;
				SWIFT_OPTIMIZATION_LEVEL = "-O";
				VALIDATE_PRODUCT = YES;
			};
			name = Release;
		};
		35EAC76F27F6410900E51E39 /* Debug */ = {
			isa = XCBuildConfiguration;
			buildSettings = {
				ASSETCATALOG_COMPILER_APPICON_NAME = AppIcon;
				ASSETCATALOG_COMPILER_GLOBAL_ACCENT_COLOR_NAME = AccentColor;
				CODE_SIGN_STYLE = Automatic;
				DEVELOPMENT_ASSET_PATHS = "\"Woodleee/Preview Content\"";
				ENABLE_PREVIEWS = YES;
				INFOPLIST_FILE = Woodleee/Info.plist;
				IPHONEOS_DEPLOYMENT_TARGET = 14.0;
				LD_RUNPATH_SEARCH_PATHS = (
					"$(inherited)",
					"@executable_path/Frameworks",
				);
				PRODUCT_BUNDLE_IDENTIFIER = com.ios.banana.Woodleee;
				PRODUCT_NAME = "$(TARGET_NAME)";
				SWIFT_VERSION = 5.0;
				TARGETED_DEVICE_FAMILY = "1,2";
			};
			name = Debug;
		};
		35EAC77027F6410900E51E39 /* Release */ = {
			isa = XCBuildConfiguration;
			buildSettings = {
				ASSETCATALOG_COMPILER_APPICON_NAME = AppIcon;
				ASSETCATALOG_COMPILER_GLOBAL_ACCENT_COLOR_NAME = AccentColor;
				CODE_SIGN_STYLE = Automatic;
				DEVELOPMENT_ASSET_PATHS = "\"Woodleee/Preview Content\"";
				ENABLE_PREVIEWS = YES;
				INFOPLIST_FILE = Woodleee/Info.plist;
				IPHONEOS_DEPLOYMENT_TARGET = 14.0;
				LD_RUNPATH_SEARCH_PATHS = (
					"$(inherited)",
					"@executable_path/Frameworks",
				);
				PRODUCT_BUNDLE_IDENTIFIER = com.ios.banana.Woodleee;
				PRODUCT_NAME = "$(TARGET_NAME)";
				SWIFT_VERSION = 5.0;
				TARGETED_DEVICE_FAMILY = "1,2";
			};
			name = Release;
		};
/* End XCBuildConfiguration section */

/* Begin XCConfigurationList section */
		35EAC75A27F640FF00E51E39 /* Build configuration list for PBXProject "Woodleee" */ = {
			isa = XCConfigurationList;
			buildConfigurations = (
				35EAC76C27F6410900E51E39 /* Debug */,
				35EAC76D27F6410900E51E39 /* Release */,
			);
			defaultConfigurationIsVisible = 0;
			defaultConfigurationName = Release;
		};
		35EAC76E27F6410900E51E39 /* Build configuration list for PBXNativeTarget "Woodleee" */ = {
			isa = XCConfigurationList;
			buildConfigurations = (
				35EAC76F27F6410900E51E39 /* Debug */,
				35EAC77027F6410900E51E39 /* Release */,
			);
			defaultConfigurationIsVisible = 0;
			defaultConfigurationName = Release;
		};
/* End XCConfigurationList section */
	};
	rootObject = 35EAC75727F640FF00E51E39 /* Project object */;
}
